
Microsoft Visual Studio Solution File, Format Version 12.00
# Visual Studio Version 17
VisualStudioVersion = 17.0.31912.275
MinimumVisualStudioVersion = 10.0.40219.1
Project("{9A19103F-16F7-4668-BE54-9A1E7A4F7556}") = "SchauerMarkenerkennung", "SchauerMarkenerkennung\SchauerMarkenerkennung.csproj", "{4741FE68-E07A-4EC2-95DB-527F78CAC641}"
EndProject
Project("{9A19103F-16F7-4668-BE54-9A1E7A4F7556}") = "MarkenLib", "MarkenLib\MarkenLib.csproj", "{75D8FBC6-0B0B-4BFF-A3CB-F73065EE29A3}"
EndProject
Project("{FAE04EC0-301F-11D3-BF4B-00C04F79EFBC}") = "MarkenerkennungXUnitTest", "MarkenerkennungXUnitTest\MarkenerkennungXUnitTest.csproj", "{646B60F1-F1B7-4EE6-860B-3C75F69F681A}"
EndProject
Global
	GlobalSection(SolutionConfigurationPlatforms) = preSolution
		Debug|Any CPU = Debug|Any CPU
		Release|Any CPU = Release|Any CPU
	EndGlobalSection
	GlobalSection(ProjectConfigurationPlatforms) = postSolution
		{4741FE68-E07A-4EC2-95DB-527F78CAC641}.Debug|Any CPU.ActiveCfg = Debug|Any CPU
		{4741FE68-E07A-4EC2-95DB-527F78CAC641}.Debug|Any CPU.Build.0 = Debug|Any CPU
		{4741FE68-E07A-4EC2-95DB-527F78CAC641}.Release|Any CPU.ActiveCfg = Release|Any CPU
		{4741FE68-E07A-4EC2-95DB-527F78CAC641}.Release|Any CPU.Build.0 = Release|Any CPU
		{75D8FBC6-0B0B-4BFF-A3CB-F73065EE29A3}.Debug|Any CPU.ActiveCfg = Debug|Any CPU
		{75D8FBC6-0B0B-4BFF-A3CB-F73065EE29A3}.Debug|Any CPU.Build.0 = Debug|Any CPU
		{75D8FBC6-0B0B-4BFF-A3CB-F73065EE29A3}.Release|Any CPU.ActiveCfg = Release|Any CPU
		{75D8FBC6-0B0B-4BFF-A3CB-F73065EE29A3}.Release|Any CPU.Build.0 = Release|Any CPU
		{646B60F1-F1B7-4EE6-860B-3C75F69F681A}.Debug|Any CPU.ActiveCfg = Debug|Any CPU
		{646B60F1-F1B7-4EE6-860B-3C75F69F681A}.Debug|Any CPU.Build.0 = Debug|Any CPU
		{646B60F1-F1B7-4EE6-860B-3C75F69F681A}.Release|Any CPU.ActiveCfg = Release|Any CPU
		{646B60F1-F1B7-4EE6-860B-3C75F69F681A}.Release|Any CPU.Build.0 = Release|Any CPU
	EndGlobalSection
	GlobalSection(SolutionProperties) = preSolution
		HideSolutionNode = FALSE
	EndGlobalSection
	GlobalSection(ExtensibilityGlobals) = postSolution
		SolutionGuid = {FB2B7396-43C1-4147-B98B-A22389B0B76D}
	EndGlobalSection
EndGlobal
